
Microsoft Visual Studio Solution File, Format Version 12.00
# Visual Studio Version 16
VisualStudioVersion = 16.0.31025.194
MinimumVisualStudioVersion = 10.0.40219.1
Project("{FAE04EC0-301F-11D3-BF4B-00C04F79EFBC}") = "CalculoDaMedia", "CalculoDaMedia.csproj", "{10B5D5AC-41A9-48C2-AAB9-AA8F86B473AD}"
EndProject
Global
	GlobalSection(SolutionConfigurationPlatforms) = preSolution
		Debug|Any CPU = Debug|Any CPU
		Release|Any CPU = Release|Any CPU
	EndGlobalSection
	GlobalSection(ProjectConfigurationPlatforms) = postSolution
		{10B5D5AC-41A9-48C2-AAB9-AA8F86B473AD}.Debug|Any CPU.ActiveCfg = Debug|Any CPU
		{10B5D5AC-41A9-48C2-AAB9-AA8F86B473AD}.Debug|Any CPU.Build.0 = Debug|Any CPU
		{10B5D5AC-41A9-48C2-AAB9-AA8F86B473AD}.Release|Any CPU.ActiveCfg = Release|Any CPU
		{10B5D5AC-41A9-48C2-AAB9-AA8F86B473AD}.Release|Any CPU.Build.0 = Release|Any CPU
	EndGlobalSection
	GlobalSection(SolutionProperties) = preSolution
		HideSolutionNode = FALSE
	EndGlobalSection
	GlobalSection(ExtensibilityGlobals) = postSolution
		SolutionGuid = {EE8F8EE9-3D5C-4C1C-B2BD-4DD8AFA1CA1D}
	EndGlobalSection
EndGlobal
